
Microsoft Visual Studio Solution File, Format Version 12.00
# Visual Studio 15
VisualStudioVersion = 15.0.27130.2010
MinimumVisualStudioVersion = 10.0.40219.1
Project("{9A19103F-16F7-4668-BE54-9A1E7A4F7556}") = "GalleryStore", "GalleryStore\GalleryStore.csproj", "{A2F45117-AD3F-49AA-BBAA-C294C291908C}"
EndProject
Project("{FAE04EC0-301F-11D3-BF4B-00C04F79EFBC}") = "GalleryStore.Test", "GalleryStore.Test\GalleryStore.Test.csproj", "{BE1B5A3D-CDA8-4F0E-B4EA-104C8C52DFD4}"
EndProject
Global
	GlobalSection(SolutionConfigurationPlatforms) = preSolution
		Debug|Any CPU = Debug|Any CPU
		Release|Any CPU = Release|Any CPU
	EndGlobalSection
	GlobalSection(ProjectConfigurationPlatforms) = postSolution
		{A2F45117-AD3F-49AA-BBAA-C294C291908C}.Debug|Any CPU.ActiveCfg = Debug|Any CPU
		{A2F45117-AD3F-49AA-BBAA-C294C291908C}.Debug|Any CPU.Build.0 = Debug|Any CPU
		{A2F45117-AD3F-49AA-BBAA-C294C291908C}.Release|Any CPU.ActiveCfg = Release|Any CPU
		{A2F45117-AD3F-49AA-BBAA-C294C291908C}.Release|Any CPU.Build.0 = Release|Any CPU
		{BE1B5A3D-CDA8-4F0E-B4EA-104C8C52DFD4}.Debug|Any CPU.ActiveCfg = Debug|Any CPU
		{BE1B5A3D-CDA8-4F0E-B4EA-104C8C52DFD4}.Debug|Any CPU.Build.0 = Debug|Any CPU
		{BE1B5A3D-CDA8-4F0E-B4EA-104C8C52DFD4}.Release|Any CPU.ActiveCfg = Release|Any CPU
		{BE1B5A3D-CDA8-4F0E-B4EA-104C8C52DFD4}.Release|Any CPU.Build.0 = Release|Any CPU
	EndGlobalSection
	GlobalSection(SolutionProperties) = preSolution
		HideSolutionNode = FALSE
	EndGlobalSection
	GlobalSection(ExtensibilityGlobals) = postSolution
		SolutionGuid = {09E3CA7C-33CA-4182-90F6-C1AF5E2D6D89}
	EndGlobalSection
EndGlobal
